
Microsoft Visual Studio Solution File, Format Version 12.00
# Visual Studio Version 17
VisualStudioVersion = 17.7.34003.232
MinimumVisualStudioVersion = 10.0.40219.1
Project("{9A19103F-16F7-4668-BE54-9A1E7A4F7556}") = "WpfTestUI", "WpfTestUI\WpfTestUI.csproj", "{5CA02DB6-563A-42C6-8966-148AEFC42664}"
EndProject
Project("{FAE04EC0-301F-11D3-BF4B-00C04F79EFBC}") = "CalculatorTest", "CalculatorTest\CalculatorTest.csproj", "{B2C5ADFF-D6B5-48C1-BB8C-571BFD583D7F}"
EndProject
Global
	GlobalSection(SolutionConfigurationPlatforms) = preSolution
		Debug|Any CPU = Debug|Any CPU
		Release|Any CPU = Release|Any CPU
	EndGlobalSection
	GlobalSection(ProjectConfigurationPlatforms) = postSolution
		{5CA02DB6-563A-42C6-8966-148AEFC42664}.Debug|Any CPU.ActiveCfg = Debug|Any CPU
		{5CA02DB6-563A-42C6-8966-148AEFC42664}.Debug|Any CPU.Build.0 = Debug|Any CPU
		{5CA02DB6-563A-42C6-8966-148AEFC42664}.Release|Any CPU.ActiveCfg = Release|Any CPU
		{5CA02DB6-563A-42C6-8966-148AEFC42664}.Release|Any CPU.Build.0 = Release|Any CPU
		{B2C5ADFF-D6B5-48C1-BB8C-571BFD583D7F}.Debug|Any CPU.ActiveCfg = Debug|Any CPU
		{B2C5ADFF-D6B5-48C1-BB8C-571BFD583D7F}.Debug|Any CPU.Build.0 = Debug|Any CPU
		{B2C5ADFF-D6B5-48C1-BB8C-571BFD583D7F}.Release|Any CPU.ActiveCfg = Release|Any CPU
		{B2C5ADFF-D6B5-48C1-BB8C-571BFD583D7F}.Release|Any CPU.Build.0 = Release|Any CPU
	EndGlobalSection
	GlobalSection(SolutionProperties) = preSolution
		HideSolutionNode = FALSE
	EndGlobalSection
	GlobalSection(ExtensibilityGlobals) = postSolution
		SolutionGuid = {974346B9-4271-41F1-88F2-664F2387CB62}
	EndGlobalSection
EndGlobal
